
Microsoft Visual Studio Solution File, Format Version 12.00
# Visual Studio Version 16
VisualStudioVersion = 16.0.30804.86
MinimumVisualStudioVersion = 10.0.40219.1
Project("{FAE04EC0-301F-11D3-BF4B-00C04F79EFBC}") = "01.SumMatrixElements", "01.SumMatrixElements\01.SumMatrixElements.csproj", "{3BCD76BC-CE86-49C8-98E7-EB9A9A679BF2}"
EndProject
Project("{FAE04EC0-301F-11D3-BF4B-00C04F79EFBC}") = "02.SumMatrixColumns", "02.SumMatrixColumns\02.SumMatrixColumns.csproj", "{5E22ED74-5A13-497A-AF4C-FDFEAEBEFC33}"
EndProject
Project("{FAE04EC0-301F-11D3-BF4B-00C04F79EFBC}") = "03.PrimaryDiagonal", "03.PrimaryDiagonal\03.PrimaryDiagonal.csproj", "{21349B83-B5B6-4F82-86C1-934C3B2EB27C}"
EndProject
Project("{FAE04EC0-301F-11D3-BF4B-00C04F79EFBC}") = "05.SquareWithMaximumSum", "05.SquareWithMaximumSum\05.SquareWithMaximumSum.csproj", "{562BD33B-A597-4299-A015-54F3CE11ECC1}"
EndProject
Project("{FAE04EC0-301F-11D3-BF4B-00C04F79EFBC}") = "07.PascalTriangle", "07.PascalTriangle\07.PascalTriangle.csproj", "{E3F2C626-A109-45C4-87B4-93221F82D9A2}"
EndProject
Project("{FAE04EC0-301F-11D3-BF4B-00C04F79EFBC}") = "04.SymbolinMatrix", "04.SymbolinMatrix\04.SymbolinMatrix.csproj", "{A332C1FB-BDBE-4B37-B966-C28216044846}"
EndProject
Project("{FAE04EC0-301F-11D3-BF4B-00C04F79EFBC}") = "06.Jagged-ArrayModification", "06.Jagged-ArrayModification\06.Jagged-ArrayModification.csproj", "{4146FA5D-14D7-43BF-9267-53D57100C0A5}"
EndProject
Global
	GlobalSection(SolutionConfigurationPlatforms) = preSolution
		Debug|Any CPU = Debug|Any CPU
		Release|Any CPU = Release|Any CPU
	EndGlobalSection
	GlobalSection(ProjectConfigurationPlatforms) = postSolution
		{3BCD76BC-CE86-49C8-98E7-EB9A9A679BF2}.Debug|Any CPU.ActiveCfg = Debug|Any CPU
		{3BCD76BC-CE86-49C8-98E7-EB9A9A679BF2}.Debug|Any CPU.Build.0 = Debug|Any CPU
		{3BCD76BC-CE86-49C8-98E7-EB9A9A679BF2}.Release|Any CPU.ActiveCfg = Release|Any CPU
		{3BCD76BC-CE86-49C8-98E7-EB9A9A679BF2}.Release|Any CPU.Build.0 = Release|Any CPU
		{5E22ED74-5A13-497A-AF4C-FDFEAEBEFC33}.Debug|Any CPU.ActiveCfg = Debug|Any CPU
		{5E22ED74-5A13-497A-AF4C-FDFEAEBEFC33}.Debug|Any CPU.Build.0 = Debug|Any CPU
		{5E22ED74-5A13-497A-AF4C-FDFEAEBEFC33}.Release|Any CPU.ActiveCfg = Release|Any CPU
		{5E22ED74-5A13-497A-AF4C-FDFEAEBEFC33}.Release|Any CPU.Build.0 = Release|Any CPU
		{21349B83-B5B6-4F82-86C1-934C3B2EB27C}.Debug|Any CPU.ActiveCfg = Debug|Any CPU
		{21349B83-B5B6-4F82-86C1-934C3B2EB27C}.Debug|Any CPU.Build.0 = Debug|Any CPU
		{21349B83-B5B6-4F82-86C1-934C3B2EB27C}.Release|Any CPU.ActiveCfg = Release|Any CPU
		{21349B83-B5B6-4F82-86C1-934C3B2EB27C}.Release|Any CPU.Build.0 = Release|Any CPU
		{562BD33B-A597-4299-A015-54F3CE11ECC1}.Debug|Any CPU.ActiveCfg = Debug|Any CPU
		{562BD33B-A597-4299-A015-54F3CE11ECC1}.Debug|Any CPU.Build.0 = Debug|Any CPU
		{562BD33B-A597-4299-A015-54F3CE11ECC1}.Release|Any CPU.ActiveCfg = Release|Any CPU
		{562BD33B-A597-4299-A015-54F3CE11ECC1}.Release|Any CPU.Build.0 = Release|Any CPU
		{E3F2C626-A109-45C4-87B4-93221F82D9A2}.Debug|Any CPU.ActiveCfg = Debug|Any CPU
		{E3F2C626-A109-45C4-87B4-93221F82D9A2}.Debug|Any CPU.Build.0 = Debug|Any CPU
		{E3F2C626-A109-45C4-87B4-93221F82D9A2}.Release|Any CPU.ActiveCfg = Release|Any CPU
		{E3F2C626-A109-45C4-87B4-93221F82D9A2}.Release|Any CPU.Build.0 = Release|Any CPU
		{A332C1FB-BDBE-4B37-B966-C28216044846}.Debug|Any CPU.ActiveCfg = Debug|Any CPU
		{A332C1FB-BDBE-4B37-B966-C28216044846}.Debug|Any CPU.Build.0 = Debug|Any CPU
		{A332C1FB-BDBE-4B37-B966-C28216044846}.Release|Any CPU.ActiveCfg = Release|Any CPU
		{A332C1FB-BDBE-4B37-B966-C28216044846}.Release|Any CPU.Build.0 = Release|Any CPU
		{4146FA5D-14D7-43BF-9267-53D57100C0A5}.Debug|Any CPU.ActiveCfg = Debug|Any CPU
		{4146FA5D-14D7-43BF-9267-53D57100C0A5}.Debug|Any CPU.Build.0 = Debug|Any CPU
		{4146FA5D-14D7-43BF-9267-53D57100C0A5}.Release|Any CPU.ActiveCfg = Release|Any CPU
		{4146FA5D-14D7-43BF-9267-53D57100C0A5}.Release|Any CPU.Build.0 = Release|Any CPU
	EndGlobalSection
	GlobalSection(SolutionProperties) = preSolution
		HideSolutionNode = FALSE
	EndGlobalSection
	GlobalSection(ExtensibilityGlobals) = postSolution
		SolutionGuid = {B96BCFA3-2AB1-4FEE-83F3-765521F0F55A}
	EndGlobalSection
EndGlobal
