
Microsoft Visual Studio Solution File, Format Version 12.00
# Visual Studio Version 16
VisualStudioVersion = 16.0.30804.86
MinimumVisualStudioVersion = 10.0.40219.1
Project("{FAE04EC0-301F-11D3-BF4B-00C04F79EFBC}") = "01.UniquePINCodes", "01.UniquePINCodes\01.UniquePINCodes.csproj", "{7E87C0BB-30BA-4583-9C8F-EA5E8FC43068}"
EndProject
Project("{FAE04EC0-301F-11D3-BF4B-00C04F79EFBC}") = "02.LettersCombinations", "02.LettersCombinations\02.LettersCombinations.csproj", "{CA5C257F-0E65-4C4D-92ED-75C0D7A74544}"
EndProject
Project("{FAE04EC0-301F-11D3-BF4B-00C04F79EFBC}") = "03.LuckyNumbers", "03.LuckyNumbers\03.LuckyNumbers.csproj", "{487EEA9C-36EB-4000-A56D-4067A36F4A04}"
EndProject
Project("{FAE04EC0-301F-11D3-BF4B-00C04F79EFBC}") = "04.CarNumber", "04.CarNumber\04.CarNumber.csproj", "{C0042C16-A5A1-435F-AF80-47B3A5CBB1F9}"
EndProject
Project("{FAE04EC0-301F-11D3-BF4B-00C04F79EFBC}") = "05.ChallengeTheWedding", "05.ChallengeTheWedding\05.ChallengeTheWedding.csproj", "{F5B6B33F-1801-45C9-83AE-F9C4A17854DF}"
EndProject
Project("{FAE04EC0-301F-11D3-BF4B-00C04F79EFBC}") = "06.WeddingSeats", "06.WeddingSeats\06.WeddingSeats.csproj", "{ABE5B58F-D298-463C-B06D-80D36AE59B4F}"
EndProject
Project("{FAE04EC0-301F-11D3-BF4B-00C04F79EFBC}") = "07.SafePasswordsGenerator", "07.SafePasswordsGenerator\07.SafePasswordsGenerator.csproj", "{B1F6C0A1-606F-4AF5-973B-BBA5C33DDA65}"
EndProject
Project("{FAE04EC0-301F-11D3-BF4B-00C04F79EFBC}") = "08.SecretDoorsLock", "08.SecretDoorsLock\08.SecretDoorsLock.csproj", "{5AACD336-C28F-4496-B196-D5146F448AF5}"
EndProject
Project("{FAE04EC0-301F-11D3-BF4B-00C04F79EFBC}") = "09.SumOfTwoNumbers", "09.SumOfTwoNumbers\09.SumOfTwoNumbers.csproj", "{CD2E558C-BB66-46D8-AB3C-DF21D2A8929B}"
EndProject
Project("{FAE04EC0-301F-11D3-BF4B-00C04F79EFBC}") = "10.Profit", "10.Profit\10.Profit.csproj", "{8DC0B9A2-E3BC-4EDB-A928-BBA7BFC03771}"
EndProject
Project("{FAE04EC0-301F-11D3-BF4B-00C04F79EFBC}") = "11.HappyCatParking", "11.HappyCatParking\11.HappyCatParking.csproj", "{F781EF03-7C72-41A7-BE4F-15DD6E7B66E1}"
EndProject
Project("{FAE04EC0-301F-11D3-BF4B-00C04F79EFBC}") = "12.TheSongOfTheWheels", "12.TheSongOfTheWheels\12.TheSongOfTheWheels.csproj", "{7C73CBD5-5A57-4BFF-9990-BB358C2C6C7D}"
EndProject
Project("{FAE04EC0-301F-11D3-BF4B-00C04F79EFBC}") = "13.PrimePairs", "13.PrimePairs\13.PrimePairs.csproj", "{30255559-38FD-4304-975A-F182292D1032}"
EndProject
Global
	GlobalSection(SolutionConfigurationPlatforms) = preSolution
		Debug|Any CPU = Debug|Any CPU
		Release|Any CPU = Release|Any CPU
	EndGlobalSection
	GlobalSection(ProjectConfigurationPlatforms) = postSolution
		{7E87C0BB-30BA-4583-9C8F-EA5E8FC43068}.Debug|Any CPU.ActiveCfg = Debug|Any CPU
		{7E87C0BB-30BA-4583-9C8F-EA5E8FC43068}.Debug|Any CPU.Build.0 = Debug|Any CPU
		{7E87C0BB-30BA-4583-9C8F-EA5E8FC43068}.Release|Any CPU.ActiveCfg = Release|Any CPU
		{7E87C0BB-30BA-4583-9C8F-EA5E8FC43068}.Release|Any CPU.Build.0 = Release|Any CPU
		{CA5C257F-0E65-4C4D-92ED-75C0D7A74544}.Debug|Any CPU.ActiveCfg = Debug|Any CPU
		{CA5C257F-0E65-4C4D-92ED-75C0D7A74544}.Debug|Any CPU.Build.0 = Debug|Any CPU
		{CA5C257F-0E65-4C4D-92ED-75C0D7A74544}.Release|Any CPU.ActiveCfg = Release|Any CPU
		{CA5C257F-0E65-4C4D-92ED-75C0D7A74544}.Release|Any CPU.Build.0 = Release|Any CPU
		{487EEA9C-36EB-4000-A56D-4067A36F4A04}.Debug|Any CPU.ActiveCfg = Debug|Any CPU
		{487EEA9C-36EB-4000-A56D-4067A36F4A04}.Debug|Any CPU.Build.0 = Debug|Any CPU
		{487EEA9C-36EB-4000-A56D-4067A36F4A04}.Release|Any CPU.ActiveCfg = Release|Any CPU
		{487EEA9C-36EB-4000-A56D-4067A36F4A04}.Release|Any CPU.Build.0 = Release|Any CPU
		{C0042C16-A5A1-435F-AF80-47B3A5CBB1F9}.Debug|Any CPU.ActiveCfg = Debug|Any CPU
		{C0042C16-A5A1-435F-AF80-47B3A5CBB1F9}.Debug|Any CPU.Build.0 = Debug|Any CPU
		{C0042C16-A5A1-435F-AF80-47B3A5CBB1F9}.Release|Any CPU.ActiveCfg = Release|Any CPU
		{C0042C16-A5A1-435F-AF80-47B3A5CBB1F9}.Release|Any CPU.Build.0 = Release|Any CPU
		{F5B6B33F-1801-45C9-83AE-F9C4A17854DF}.Debug|Any CPU.ActiveCfg = Debug|Any CPU
		{F5B6B33F-1801-45C9-83AE-F9C4A17854DF}.Debug|Any CPU.Build.0 = Debug|Any CPU
		{F5B6B33F-1801-45C9-83AE-F9C4A17854DF}.Release|Any CPU.ActiveCfg = Release|Any CPU
		{F5B6B33F-1801-45C9-83AE-F9C4A17854DF}.Release|Any CPU.Build.0 = Release|Any CPU
		{ABE5B58F-D298-463C-B06D-80D36AE59B4F}.Debug|Any CPU.ActiveCfg = Debug|Any CPU
		{ABE5B58F-D298-463C-B06D-80D36AE59B4F}.Debug|Any CPU.Build.0 = Debug|Any CPU
		{ABE5B58F-D298-463C-B06D-80D36AE59B4F}.Release|Any CPU.ActiveCfg = Release|Any CPU
		{ABE5B58F-D298-463C-B06D-80D36AE59B4F}.Release|Any CPU.Build.0 = Release|Any CPU
		{B1F6C0A1-606F-4AF5-973B-BBA5C33DDA65}.Debug|Any CPU.ActiveCfg = Debug|Any CPU
		{B1F6C0A1-606F-4AF5-973B-BBA5C33DDA65}.Debug|Any CPU.Build.0 = Debug|Any CPU
		{B1F6C0A1-606F-4AF5-973B-BBA5C33DDA65}.Release|Any CPU.ActiveCfg = Release|Any CPU
		{B1F6C0A1-606F-4AF5-973B-BBA5C33DDA65}.Release|Any CPU.Build.0 = Release|Any CPU
		{5AACD336-C28F-4496-B196-D5146F448AF5}.Debug|Any CPU.ActiveCfg = Debug|Any CPU
		{5AACD336-C28F-4496-B196-D5146F448AF5}.Debug|Any CPU.Build.0 = Debug|Any CPU
		{5AACD336-C28F-4496-B196-D5146F448AF5}.Release|Any CPU.ActiveCfg = Release|Any CPU
		{5AACD336-C28F-4496-B196-D5146F448AF5}.Release|Any CPU.Build.0 = Release|Any CPU
		{CD2E558C-BB66-46D8-AB3C-DF21D2A8929B}.Debug|Any CPU.ActiveCfg = Debug|Any CPU
		{CD2E558C-BB66-46D8-AB3C-DF21D2A8929B}.Debug|Any CPU.Build.0 = Debug|Any CPU
		{CD2E558C-BB66-46D8-AB3C-DF21D2A8929B}.Release|Any CPU.ActiveCfg = Release|Any CPU
		{CD2E558C-BB66-46D8-AB3C-DF21D2A8929B}.Release|Any CPU.Build.0 = Release|Any CPU
		{8DC0B9A2-E3BC-4EDB-A928-BBA7BFC03771}.Debug|Any CPU.ActiveCfg = Debug|Any CPU
		{8DC0B9A2-E3BC-4EDB-A928-BBA7BFC03771}.Debug|Any CPU.Build.0 = Debug|Any CPU
		{8DC0B9A2-E3BC-4EDB-A928-BBA7BFC03771}.Release|Any CPU.ActiveCfg = Release|Any CPU
		{8DC0B9A2-E3BC-4EDB-A928-BBA7BFC03771}.Release|Any CPU.Build.0 = Release|Any CPU
		{F781EF03-7C72-41A7-BE4F-15DD6E7B66E1}.Debug|Any CPU.ActiveCfg = Debug|Any CPU
		{F781EF03-7C72-41A7-BE4F-15DD6E7B66E1}.Debug|Any CPU.Build.0 = Debug|Any CPU
		{F781EF03-7C72-41A7-BE4F-15DD6E7B66E1}.Release|Any CPU.ActiveCfg = Release|Any CPU
		{F781EF03-7C72-41A7-BE4F-15DD6E7B66E1}.Release|Any CPU.Build.0 = Release|Any CPU
		{7C73CBD5-5A57-4BFF-9990-BB358C2C6C7D}.Debug|Any CPU.ActiveCfg = Debug|Any CPU
		{7C73CBD5-5A57-4BFF-9990-BB358C2C6C7D}.Debug|Any CPU.Build.0 = Debug|Any CPU
		{7C73CBD5-5A57-4BFF-9990-BB358C2C6C7D}.Release|Any CPU.ActiveCfg = Release|Any CPU
		{7C73CBD5-5A57-4BFF-9990-BB358C2C6C7D}.Release|Any CPU.Build.0 = Release|Any CPU
		{30255559-38FD-4304-975A-F182292D1032}.Debug|Any CPU.ActiveCfg = Debug|Any CPU
		{30255559-38FD-4304-975A-F182292D1032}.Debug|Any CPU.Build.0 = Debug|Any CPU
		{30255559-38FD-4304-975A-F182292D1032}.Release|Any CPU.ActiveCfg = Release|Any CPU
		{30255559-38FD-4304-975A-F182292D1032}.Release|Any CPU.Build.0 = Release|Any CPU
	EndGlobalSection
	GlobalSection(SolutionProperties) = preSolution
		HideSolutionNode = FALSE
	EndGlobalSection
	GlobalSection(ExtensibilityGlobals) = postSolution
		SolutionGuid = {08D1F233-5BA7-4215-918B-F283D05A8E72}
	EndGlobalSection
EndGlobal
