
Microsoft Visual Studio Solution File, Format Version 12.00
# Visual Studio Version 16
VisualStudioVersion = 16.0.30804.86
MinimumVisualStudioVersion = 10.0.40219.1
Project("{9A19103F-16F7-4668-BE54-9A1E7A4F7556}") = "01.NumbersFrom1To100", "01.NumbersFrom1To100\01.NumbersFrom1To100.csproj", "{A5204140-F699-457A-9A5A-50D509059598}"
EndProject
Project("{9A19103F-16F7-4668-BE54-9A1E7A4F7556}") = "02.NumbersToN", "02.NumbersToN\02.NumbersToN.csproj", "{E7FC31CC-6A88-4D29-9273-C1DA8A37BF64}"
EndProject
Project("{9A19103F-16F7-4668-BE54-9A1E7A4F7556}") = "03.NumbersToNWithStep3", "03.NumbersToNWithStep3\03.NumbersToNWithStep3.csproj", "{58B31CD8-6F42-4B37-BCDA-75DF14ECAAD4}"
EndProject
Project("{FAE04EC0-301F-11D3-BF4B-00C04F79EFBC}") = "04.EvenPowersOf2", "04.EvenPowersOf2\04.EvenPowersOf2.csproj", "{3FF90ACB-2984-45D8-9535-DE6EA9DF98CE}"
EndProject
Project("{FAE04EC0-301F-11D3-BF4B-00C04F79EFBC}") = "05.CharacterSequence", "05.CharacterSequence\05.CharacterSequence.csproj", "{D978D2BC-51DB-43E0-813B-60470327414E}"
EndProject
Project("{FAE04EC0-301F-11D3-BF4B-00C04F79EFBC}") = "06.VowelsSum", "06.VowelsSum\06.VowelsSum.csproj", "{5967823C-D650-416E-A3EA-3CF07C9AE1DD}"
EndProject
Project("{FAE04EC0-301F-11D3-BF4B-00C04F79EFBC}") = "07.SumNumbers", "07.SumNumbers\07.SumNumbers.csproj", "{195CF797-371E-4C4E-A249-9F7B9BB4763B}"
EndProject
Project("{FAE04EC0-301F-11D3-BF4B-00C04F79EFBC}") = "08.LeftAndRightSum", "09.LeftAndRightSum\08.LeftAndRightSum.csproj", "{04130C97-4D60-4623-82EB-DC4FEB1E2847}"
EndProject
Project("{FAE04EC0-301F-11D3-BF4B-00C04F79EFBC}") = "09.OddEvenSum", "09.OddEvenSum\09.OddEvenSum.csproj", "{AA6C937F-5350-4BA6-BA14-CA9E9F977693}"
EndProject
Project("{FAE04EC0-301F-11D3-BF4B-00C04F79EFBC}") = "10.CleverLily", "10.CleverLily\10.CleverLily.csproj", "{614DF3B3-2B9F-4513-AF64-EF00605A69DE}"
EndProject
Global
	GlobalSection(SolutionConfigurationPlatforms) = preSolution
		Debug|Any CPU = Debug|Any CPU
		Release|Any CPU = Release|Any CPU
	EndGlobalSection
	GlobalSection(ProjectConfigurationPlatforms) = postSolution
		{A5204140-F699-457A-9A5A-50D509059598}.Debug|Any CPU.ActiveCfg = Debug|Any CPU
		{A5204140-F699-457A-9A5A-50D509059598}.Debug|Any CPU.Build.0 = Debug|Any CPU
		{A5204140-F699-457A-9A5A-50D509059598}.Release|Any CPU.ActiveCfg = Release|Any CPU
		{A5204140-F699-457A-9A5A-50D509059598}.Release|Any CPU.Build.0 = Release|Any CPU
		{E7FC31CC-6A88-4D29-9273-C1DA8A37BF64}.Debug|Any CPU.ActiveCfg = Debug|Any CPU
		{E7FC31CC-6A88-4D29-9273-C1DA8A37BF64}.Debug|Any CPU.Build.0 = Debug|Any CPU
		{E7FC31CC-6A88-4D29-9273-C1DA8A37BF64}.Release|Any CPU.ActiveCfg = Release|Any CPU
		{E7FC31CC-6A88-4D29-9273-C1DA8A37BF64}.Release|Any CPU.Build.0 = Release|Any CPU
		{58B31CD8-6F42-4B37-BCDA-75DF14ECAAD4}.Debug|Any CPU.ActiveCfg = Debug|Any CPU
		{58B31CD8-6F42-4B37-BCDA-75DF14ECAAD4}.Debug|Any CPU.Build.0 = Debug|Any CPU
		{58B31CD8-6F42-4B37-BCDA-75DF14ECAAD4}.Release|Any CPU.ActiveCfg = Release|Any CPU
		{58B31CD8-6F42-4B37-BCDA-75DF14ECAAD4}.Release|Any CPU.Build.0 = Release|Any CPU
		{3FF90ACB-2984-45D8-9535-DE6EA9DF98CE}.Debug|Any CPU.ActiveCfg = Debug|Any CPU
		{3FF90ACB-2984-45D8-9535-DE6EA9DF98CE}.Debug|Any CPU.Build.0 = Debug|Any CPU
		{3FF90ACB-2984-45D8-9535-DE6EA9DF98CE}.Release|Any CPU.ActiveCfg = Release|Any CPU
		{3FF90ACB-2984-45D8-9535-DE6EA9DF98CE}.Release|Any CPU.Build.0 = Release|Any CPU
		{D978D2BC-51DB-43E0-813B-60470327414E}.Debug|Any CPU.ActiveCfg = Debug|Any CPU
		{D978D2BC-51DB-43E0-813B-60470327414E}.Debug|Any CPU.Build.0 = Debug|Any CPU
		{D978D2BC-51DB-43E0-813B-60470327414E}.Release|Any CPU.ActiveCfg = Release|Any CPU
		{D978D2BC-51DB-43E0-813B-60470327414E}.Release|Any CPU.Build.0 = Release|Any CPU
		{5967823C-D650-416E-A3EA-3CF07C9AE1DD}.Debug|Any CPU.ActiveCfg = Debug|Any CPU
		{5967823C-D650-416E-A3EA-3CF07C9AE1DD}.Debug|Any CPU.Build.0 = Debug|Any CPU
		{5967823C-D650-416E-A3EA-3CF07C9AE1DD}.Release|Any CPU.ActiveCfg = Release|Any CPU
		{5967823C-D650-416E-A3EA-3CF07C9AE1DD}.Release|Any CPU.Build.0 = Release|Any CPU
		{195CF797-371E-4C4E-A249-9F7B9BB4763B}.Debug|Any CPU.ActiveCfg = Debug|Any CPU
		{195CF797-371E-4C4E-A249-9F7B9BB4763B}.Debug|Any CPU.Build.0 = Debug|Any CPU
		{195CF797-371E-4C4E-A249-9F7B9BB4763B}.Release|Any CPU.ActiveCfg = Release|Any CPU
		{195CF797-371E-4C4E-A249-9F7B9BB4763B}.Release|Any CPU.Build.0 = Release|Any CPU
		{04130C97-4D60-4623-82EB-DC4FEB1E2847}.Debug|Any CPU.ActiveCfg = Debug|Any CPU
		{04130C97-4D60-4623-82EB-DC4FEB1E2847}.Debug|Any CPU.Build.0 = Debug|Any CPU
		{04130C97-4D60-4623-82EB-DC4FEB1E2847}.Release|Any CPU.ActiveCfg = Release|Any CPU
		{04130C97-4D60-4623-82EB-DC4FEB1E2847}.Release|Any CPU.Build.0 = Release|Any CPU
		{AA6C937F-5350-4BA6-BA14-CA9E9F977693}.Debug|Any CPU.ActiveCfg = Debug|Any CPU
		{AA6C937F-5350-4BA6-BA14-CA9E9F977693}.Debug|Any CPU.Build.0 = Debug|Any CPU
		{AA6C937F-5350-4BA6-BA14-CA9E9F977693}.Release|Any CPU.ActiveCfg = Release|Any CPU
		{AA6C937F-5350-4BA6-BA14-CA9E9F977693}.Release|Any CPU.Build.0 = Release|Any CPU
		{614DF3B3-2B9F-4513-AF64-EF00605A69DE}.Debug|Any CPU.ActiveCfg = Debug|Any CPU
		{614DF3B3-2B9F-4513-AF64-EF00605A69DE}.Debug|Any CPU.Build.0 = Debug|Any CPU
		{614DF3B3-2B9F-4513-AF64-EF00605A69DE}.Release|Any CPU.ActiveCfg = Release|Any CPU
		{614DF3B3-2B9F-4513-AF64-EF00605A69DE}.Release|Any CPU.Build.0 = Release|Any CPU
	EndGlobalSection
	GlobalSection(SolutionProperties) = preSolution
		HideSolutionNode = FALSE
	EndGlobalSection
	GlobalSection(ExtensibilityGlobals) = postSolution
		SolutionGuid = {A05B0318-6DA3-407F-811F-CABEA297DED8}
	EndGlobalSection
EndGlobal
