
Microsoft Visual Studio Solution File, Format Version 12.00
# Visual Studio Version 16
VisualStudioVersion = 16.0.30717.126
MinimumVisualStudioVersion = 10.0.40219.1
Project("{FAE04EC0-301F-11D3-BF4B-00C04F79EFBC}") = "01.Cinema", "01.Cinema\01.Cinema.csproj", "{0147119E-275F-4162-8EF8-9CB8A1B7DE31}"
EndProject
Project("{FAE04EC0-301F-11D3-BF4B-00C04F79EFBC}") = "02.SummerOutfit", "02.SummerOutfit\02.SummerOutfit.csproj", "{2754AA97-4933-4A11-9D1B-526C13A5B6F0}"
EndProject
Project("{FAE04EC0-301F-11D3-BF4B-00C04F79EFBC}") = "03.NewHouse", "03.NewHouse\03.NewHouse.csproj", "{52F87B79-F6D5-4DEB-A28E-A9E17F850A8E}"
EndProject
Project("{FAE04EC0-301F-11D3-BF4B-00C04F79EFBC}") = "04.FishingBoat", "04.FishingBoat\04.FishingBoat.csproj", "{75AE9253-8E7D-42CD-BBD5-347C4FFDCB53}"
EndProject
Global
	GlobalSection(SolutionConfigurationPlatforms) = preSolution
		Debug|Any CPU = Debug|Any CPU
		Release|Any CPU = Release|Any CPU
	EndGlobalSection
	GlobalSection(ProjectConfigurationPlatforms) = postSolution
		{0147119E-275F-4162-8EF8-9CB8A1B7DE31}.Debug|Any CPU.ActiveCfg = Debug|Any CPU
		{0147119E-275F-4162-8EF8-9CB8A1B7DE31}.Debug|Any CPU.Build.0 = Debug|Any CPU
		{0147119E-275F-4162-8EF8-9CB8A1B7DE31}.Release|Any CPU.ActiveCfg = Release|Any CPU
		{0147119E-275F-4162-8EF8-9CB8A1B7DE31}.Release|Any CPU.Build.0 = Release|Any CPU
		{2754AA97-4933-4A11-9D1B-526C13A5B6F0}.Debug|Any CPU.ActiveCfg = Debug|Any CPU
		{2754AA97-4933-4A11-9D1B-526C13A5B6F0}.Debug|Any CPU.Build.0 = Debug|Any CPU
		{2754AA97-4933-4A11-9D1B-526C13A5B6F0}.Release|Any CPU.ActiveCfg = Release|Any CPU
		{2754AA97-4933-4A11-9D1B-526C13A5B6F0}.Release|Any CPU.Build.0 = Release|Any CPU
		{52F87B79-F6D5-4DEB-A28E-A9E17F850A8E}.Debug|Any CPU.ActiveCfg = Debug|Any CPU
		{52F87B79-F6D5-4DEB-A28E-A9E17F850A8E}.Debug|Any CPU.Build.0 = Debug|Any CPU
		{52F87B79-F6D5-4DEB-A28E-A9E17F850A8E}.Release|Any CPU.ActiveCfg = Release|Any CPU
		{52F87B79-F6D5-4DEB-A28E-A9E17F850A8E}.Release|Any CPU.Build.0 = Release|Any CPU
		{75AE9253-8E7D-42CD-BBD5-347C4FFDCB53}.Debug|Any CPU.ActiveCfg = Debug|Any CPU
		{75AE9253-8E7D-42CD-BBD5-347C4FFDCB53}.Debug|Any CPU.Build.0 = Debug|Any CPU
		{75AE9253-8E7D-42CD-BBD5-347C4FFDCB53}.Release|Any CPU.ActiveCfg = Release|Any CPU
		{75AE9253-8E7D-42CD-BBD5-347C4FFDCB53}.Release|Any CPU.Build.0 = Release|Any CPU
	EndGlobalSection
	GlobalSection(SolutionProperties) = preSolution
		HideSolutionNode = FALSE
	EndGlobalSection
	GlobalSection(ExtensibilityGlobals) = postSolution
		SolutionGuid = {7008EBB2-67A8-4F25-99AD-12D5F183C595}
	EndGlobalSection
EndGlobal
