
Microsoft Visual Studio Solution File, Format Version 12.00
# Visual Studio Version 16
VisualStudioVersion = 16.0.30717.126
MinimumVisualStudioVersion = 10.0.40219.1
Project("{9A19103F-16F7-4668-BE54-9A1E7A4F7556}") = "01.Cinema", "01.Cinema\01.Cinema.csproj", "{0147119E-275F-4162-8EF8-9CB8A1B7DE31}"
EndProject
Project("{9A19103F-16F7-4668-BE54-9A1E7A4F7556}") = "02.SummerOutfit", "02.SummerOutfit\02.SummerOutfit.csproj", "{2754AA97-4933-4A11-9D1B-526C13A5B6F0}"
EndProject
Project("{9A19103F-16F7-4668-BE54-9A1E7A4F7556}") = "03.NewHouse", "03.NewHouse\03.NewHouse.csproj", "{52F87B79-F6D5-4DEB-A28E-A9E17F850A8E}"
EndProject
Project("{9A19103F-16F7-4668-BE54-9A1E7A4F7556}") = "04.FishingBoat", "04.FishingBoat\04.FishingBoat.csproj", "{75AE9253-8E7D-42CD-BBD5-347C4FFDCB53}"
EndProject
Project("{9A19103F-16F7-4668-BE54-9A1E7A4F7556}") = "05.Journey", "05.Journey\05.Journey.csproj", "{3E140650-DAAB-4B72-9E31-43DD0A8E7B57}"
EndProject
Project("{9A19103F-16F7-4668-BE54-9A1E7A4F7556}") = "06.OperationsBetweenNumbers", "06.OperationsBetweenNumbers\06.OperationsBetweenNumbers.csproj", "{0484708D-1D8A-4002-9A9E-3F646DCA5A9A}"
EndProject
Project("{FAE04EC0-301F-11D3-BF4B-00C04F79EFBC}") = "07.HotelRoom", "07.HotelRoom\07.HotelRoom.csproj", "{2F26155B-7B36-490B-A2D3-D13CD6F16813}"
EndProject
Project("{FAE04EC0-301F-11D3-BF4B-00C04F79EFBC}") = "08. OnTimeForTheExam", "08. OnTimeForTheExam\08. OnTimeForTheExam.csproj", "{0318BD5D-8B63-4B91-A5AD-6B0906E6746F}"
EndProject
Project("{FAE04EC0-301F-11D3-BF4B-00C04F79EFBC}") = "09.Volleyball", "09.Volleyball\09.Volleyball.csproj", "{5CDB869A-12FE-4C27-A759-B0170AAF7868}"
EndProject
Global
	GlobalSection(SolutionConfigurationPlatforms) = preSolution
		Debug|Any CPU = Debug|Any CPU
		Release|Any CPU = Release|Any CPU
	EndGlobalSection
	GlobalSection(ProjectConfigurationPlatforms) = postSolution
		{0147119E-275F-4162-8EF8-9CB8A1B7DE31}.Debug|Any CPU.ActiveCfg = Debug|Any CPU
		{0147119E-275F-4162-8EF8-9CB8A1B7DE31}.Debug|Any CPU.Build.0 = Debug|Any CPU
		{0147119E-275F-4162-8EF8-9CB8A1B7DE31}.Release|Any CPU.ActiveCfg = Release|Any CPU
		{0147119E-275F-4162-8EF8-9CB8A1B7DE31}.Release|Any CPU.Build.0 = Release|Any CPU
		{2754AA97-4933-4A11-9D1B-526C13A5B6F0}.Debug|Any CPU.ActiveCfg = Debug|Any CPU
		{2754AA97-4933-4A11-9D1B-526C13A5B6F0}.Debug|Any CPU.Build.0 = Debug|Any CPU
		{2754AA97-4933-4A11-9D1B-526C13A5B6F0}.Release|Any CPU.ActiveCfg = Release|Any CPU
		{2754AA97-4933-4A11-9D1B-526C13A5B6F0}.Release|Any CPU.Build.0 = Release|Any CPU
		{52F87B79-F6D5-4DEB-A28E-A9E17F850A8E}.Debug|Any CPU.ActiveCfg = Debug|Any CPU
		{52F87B79-F6D5-4DEB-A28E-A9E17F850A8E}.Debug|Any CPU.Build.0 = Debug|Any CPU
		{52F87B79-F6D5-4DEB-A28E-A9E17F850A8E}.Release|Any CPU.ActiveCfg = Release|Any CPU
		{52F87B79-F6D5-4DEB-A28E-A9E17F850A8E}.Release|Any CPU.Build.0 = Release|Any CPU
		{75AE9253-8E7D-42CD-BBD5-347C4FFDCB53}.Debug|Any CPU.ActiveCfg = Debug|Any CPU
		{75AE9253-8E7D-42CD-BBD5-347C4FFDCB53}.Debug|Any CPU.Build.0 = Debug|Any CPU
		{75AE9253-8E7D-42CD-BBD5-347C4FFDCB53}.Release|Any CPU.ActiveCfg = Release|Any CPU
		{75AE9253-8E7D-42CD-BBD5-347C4FFDCB53}.Release|Any CPU.Build.0 = Release|Any CPU
		{3E140650-DAAB-4B72-9E31-43DD0A8E7B57}.Debug|Any CPU.ActiveCfg = Debug|Any CPU
		{3E140650-DAAB-4B72-9E31-43DD0A8E7B57}.Debug|Any CPU.Build.0 = Debug|Any CPU
		{3E140650-DAAB-4B72-9E31-43DD0A8E7B57}.Release|Any CPU.ActiveCfg = Release|Any CPU
		{3E140650-DAAB-4B72-9E31-43DD0A8E7B57}.Release|Any CPU.Build.0 = Release|Any CPU
		{0484708D-1D8A-4002-9A9E-3F646DCA5A9A}.Debug|Any CPU.ActiveCfg = Debug|Any CPU
		{0484708D-1D8A-4002-9A9E-3F646DCA5A9A}.Debug|Any CPU.Build.0 = Debug|Any CPU
		{0484708D-1D8A-4002-9A9E-3F646DCA5A9A}.Release|Any CPU.ActiveCfg = Release|Any CPU
		{0484708D-1D8A-4002-9A9E-3F646DCA5A9A}.Release|Any CPU.Build.0 = Release|Any CPU
		{2F26155B-7B36-490B-A2D3-D13CD6F16813}.Debug|Any CPU.ActiveCfg = Debug|Any CPU
		{2F26155B-7B36-490B-A2D3-D13CD6F16813}.Debug|Any CPU.Build.0 = Debug|Any CPU
		{2F26155B-7B36-490B-A2D3-D13CD6F16813}.Release|Any CPU.ActiveCfg = Release|Any CPU
		{2F26155B-7B36-490B-A2D3-D13CD6F16813}.Release|Any CPU.Build.0 = Release|Any CPU
		{0318BD5D-8B63-4B91-A5AD-6B0906E6746F}.Debug|Any CPU.ActiveCfg = Debug|Any CPU
		{0318BD5D-8B63-4B91-A5AD-6B0906E6746F}.Debug|Any CPU.Build.0 = Debug|Any CPU
		{0318BD5D-8B63-4B91-A5AD-6B0906E6746F}.Release|Any CPU.ActiveCfg = Release|Any CPU
		{0318BD5D-8B63-4B91-A5AD-6B0906E6746F}.Release|Any CPU.Build.0 = Release|Any CPU
		{5CDB869A-12FE-4C27-A759-B0170AAF7868}.Debug|Any CPU.ActiveCfg = Debug|Any CPU
		{5CDB869A-12FE-4C27-A759-B0170AAF7868}.Debug|Any CPU.Build.0 = Debug|Any CPU
		{5CDB869A-12FE-4C27-A759-B0170AAF7868}.Release|Any CPU.ActiveCfg = Release|Any CPU
		{5CDB869A-12FE-4C27-A759-B0170AAF7868}.Release|Any CPU.Build.0 = Release|Any CPU
	EndGlobalSection
	GlobalSection(SolutionProperties) = preSolution
		HideSolutionNode = FALSE
	EndGlobalSection
	GlobalSection(ExtensibilityGlobals) = postSolution
		SolutionGuid = {7008EBB2-67A8-4F25-99AD-12D5F183C595}
	EndGlobalSection
EndGlobal
