
Microsoft Visual Studio Solution File, Format Version 12.00
# Visual Studio Version 16
VisualStudioVersion = 16.0.30804.86
MinimumVisualStudioVersion = 10.0.40219.1
Project("{FAE04EC0-301F-11D3-BF4B-00C04F79EFBC}") = "01.ConvertMetersToKilometers", "01.ConvertMetersToKilometers\01.ConvertMetersToKilometers.csproj", "{8FD6CDE8-A3D5-4033-A120-6C3E87420E95}"
EndProject
Project("{FAE04EC0-301F-11D3-BF4B-00C04F79EFBC}") = "02.PoundsToDollars", "02.PoundsToDollars\02.PoundsToDollars.csproj", "{939EAFC8-C8DD-4B82-87D6-3128BCAC151B}"
EndProject
Project("{FAE04EC0-301F-11D3-BF4B-00C04F79EFBC}") = "03.ExactSumOfRealNumbers", "03.ExactSumOfRealNumbers\03.ExactSumOfRealNumbers.csproj", "{8DF73739-0C63-43F6-8D4F-5518E047797A}"
EndProject
Project("{FAE04EC0-301F-11D3-BF4B-00C04F79EFBC}") = "04.CenturiesToMinutes", "04.CenturiesToMinutes\04.CenturiesToMinutes.csproj", "{36575433-B919-4191-827A-20954F156AC3}"
EndProject
Project("{FAE04EC0-301F-11D3-BF4B-00C04F79EFBC}") = "05.SpecialNumbers", "05.SpecialNumbers\05.SpecialNumbers.csproj", "{7670B827-54D1-4159-B38F-C717FBB243B5}"
EndProject
Project("{FAE04EC0-301F-11D3-BF4B-00C04F79EFBC}") = "06.ReversedChars", "06.ReversedChars\06.ReversedChars.csproj", "{298F5482-4B01-4E18-B932-D6F1EA8FC6FD}"
EndProject
Project("{FAE04EC0-301F-11D3-BF4B-00C04F79EFBC}") = "07.ConcatNames", "07.ConcatNames\07.ConcatNames.csproj", "{24072635-7D50-4384-9781-787E4DCF36D6}"
EndProject
Project("{FAE04EC0-301F-11D3-BF4B-00C04F79EFBC}") = "08.TownInfo", "08.TownInfo\08.TownInfo.csproj", "{CFFB36B3-443C-4C0B-B132-4D351FE283F5}"
EndProject
Project("{FAE04EC0-301F-11D3-BF4B-00C04F79EFBC}") = "09.CharsToString", "09.CharsToString\09.CharsToString.csproj", "{5866AA41-873F-48EF-A720-C77B07A48D08}"
EndProject
Project("{FAE04EC0-301F-11D3-BF4B-00C04F79EFBC}") = "10.LowerOrUpper", "10.LowerOrUpper\10.LowerOrUpper.csproj", "{04C4C90C-2FBC-4024-AD1F-2356F13F7BC7}"
EndProject
Project("{FAE04EC0-301F-11D3-BF4B-00C04F79EFBC}") = "11.RefactorVolumeOfPyramid", "11.RefactorVolumeOfPyramid\11.RefactorVolumeOfPyramid.csproj", "{828652DF-074D-4D3F-A9FA-84861E21E181}"
EndProject
Project("{FAE04EC0-301F-11D3-BF4B-00C04F79EFBC}") = "12.RefactorSpecialNumbers", "12.RefactorSpecialNumbers\12.RefactorSpecialNumbers.csproj", "{434E0A4A-46C6-4EA8-BB44-1A5031FF9B06}"
EndProject
Global
	GlobalSection(SolutionConfigurationPlatforms) = preSolution
		Debug|Any CPU = Debug|Any CPU
		Release|Any CPU = Release|Any CPU
	EndGlobalSection
	GlobalSection(ProjectConfigurationPlatforms) = postSolution
		{8FD6CDE8-A3D5-4033-A120-6C3E87420E95}.Debug|Any CPU.ActiveCfg = Debug|Any CPU
		{8FD6CDE8-A3D5-4033-A120-6C3E87420E95}.Debug|Any CPU.Build.0 = Debug|Any CPU
		{8FD6CDE8-A3D5-4033-A120-6C3E87420E95}.Release|Any CPU.ActiveCfg = Release|Any CPU
		{8FD6CDE8-A3D5-4033-A120-6C3E87420E95}.Release|Any CPU.Build.0 = Release|Any CPU
		{939EAFC8-C8DD-4B82-87D6-3128BCAC151B}.Debug|Any CPU.ActiveCfg = Debug|Any CPU
		{939EAFC8-C8DD-4B82-87D6-3128BCAC151B}.Debug|Any CPU.Build.0 = Debug|Any CPU
		{939EAFC8-C8DD-4B82-87D6-3128BCAC151B}.Release|Any CPU.ActiveCfg = Release|Any CPU
		{939EAFC8-C8DD-4B82-87D6-3128BCAC151B}.Release|Any CPU.Build.0 = Release|Any CPU
		{8DF73739-0C63-43F6-8D4F-5518E047797A}.Debug|Any CPU.ActiveCfg = Debug|Any CPU
		{8DF73739-0C63-43F6-8D4F-5518E047797A}.Debug|Any CPU.Build.0 = Debug|Any CPU
		{8DF73739-0C63-43F6-8D4F-5518E047797A}.Release|Any CPU.ActiveCfg = Release|Any CPU
		{8DF73739-0C63-43F6-8D4F-5518E047797A}.Release|Any CPU.Build.0 = Release|Any CPU
		{36575433-B919-4191-827A-20954F156AC3}.Debug|Any CPU.ActiveCfg = Debug|Any CPU
		{36575433-B919-4191-827A-20954F156AC3}.Debug|Any CPU.Build.0 = Debug|Any CPU
		{36575433-B919-4191-827A-20954F156AC3}.Release|Any CPU.ActiveCfg = Release|Any CPU
		{36575433-B919-4191-827A-20954F156AC3}.Release|Any CPU.Build.0 = Release|Any CPU
		{7670B827-54D1-4159-B38F-C717FBB243B5}.Debug|Any CPU.ActiveCfg = Debug|Any CPU
		{7670B827-54D1-4159-B38F-C717FBB243B5}.Debug|Any CPU.Build.0 = Debug|Any CPU
		{7670B827-54D1-4159-B38F-C717FBB243B5}.Release|Any CPU.ActiveCfg = Release|Any CPU
		{7670B827-54D1-4159-B38F-C717FBB243B5}.Release|Any CPU.Build.0 = Release|Any CPU
		{298F5482-4B01-4E18-B932-D6F1EA8FC6FD}.Debug|Any CPU.ActiveCfg = Debug|Any CPU
		{298F5482-4B01-4E18-B932-D6F1EA8FC6FD}.Debug|Any CPU.Build.0 = Debug|Any CPU
		{298F5482-4B01-4E18-B932-D6F1EA8FC6FD}.Release|Any CPU.ActiveCfg = Release|Any CPU
		{298F5482-4B01-4E18-B932-D6F1EA8FC6FD}.Release|Any CPU.Build.0 = Release|Any CPU
		{24072635-7D50-4384-9781-787E4DCF36D6}.Debug|Any CPU.ActiveCfg = Debug|Any CPU
		{24072635-7D50-4384-9781-787E4DCF36D6}.Debug|Any CPU.Build.0 = Debug|Any CPU
		{24072635-7D50-4384-9781-787E4DCF36D6}.Release|Any CPU.ActiveCfg = Release|Any CPU
		{24072635-7D50-4384-9781-787E4DCF36D6}.Release|Any CPU.Build.0 = Release|Any CPU
		{CFFB36B3-443C-4C0B-B132-4D351FE283F5}.Debug|Any CPU.ActiveCfg = Debug|Any CPU
		{CFFB36B3-443C-4C0B-B132-4D351FE283F5}.Debug|Any CPU.Build.0 = Debug|Any CPU
		{CFFB36B3-443C-4C0B-B132-4D351FE283F5}.Release|Any CPU.ActiveCfg = Release|Any CPU
		{CFFB36B3-443C-4C0B-B132-4D351FE283F5}.Release|Any CPU.Build.0 = Release|Any CPU
		{5866AA41-873F-48EF-A720-C77B07A48D08}.Debug|Any CPU.ActiveCfg = Debug|Any CPU
		{5866AA41-873F-48EF-A720-C77B07A48D08}.Debug|Any CPU.Build.0 = Debug|Any CPU
		{5866AA41-873F-48EF-A720-C77B07A48D08}.Release|Any CPU.ActiveCfg = Release|Any CPU
		{5866AA41-873F-48EF-A720-C77B07A48D08}.Release|Any CPU.Build.0 = Release|Any CPU
		{04C4C90C-2FBC-4024-AD1F-2356F13F7BC7}.Debug|Any CPU.ActiveCfg = Debug|Any CPU
		{04C4C90C-2FBC-4024-AD1F-2356F13F7BC7}.Debug|Any CPU.Build.0 = Debug|Any CPU
		{04C4C90C-2FBC-4024-AD1F-2356F13F7BC7}.Release|Any CPU.ActiveCfg = Release|Any CPU
		{04C4C90C-2FBC-4024-AD1F-2356F13F7BC7}.Release|Any CPU.Build.0 = Release|Any CPU
		{828652DF-074D-4D3F-A9FA-84861E21E181}.Debug|Any CPU.ActiveCfg = Debug|Any CPU
		{828652DF-074D-4D3F-A9FA-84861E21E181}.Debug|Any CPU.Build.0 = Debug|Any CPU
		{828652DF-074D-4D3F-A9FA-84861E21E181}.Release|Any CPU.ActiveCfg = Release|Any CPU
		{828652DF-074D-4D3F-A9FA-84861E21E181}.Release|Any CPU.Build.0 = Release|Any CPU
		{434E0A4A-46C6-4EA8-BB44-1A5031FF9B06}.Debug|Any CPU.ActiveCfg = Debug|Any CPU
		{434E0A4A-46C6-4EA8-BB44-1A5031FF9B06}.Debug|Any CPU.Build.0 = Debug|Any CPU
		{434E0A4A-46C6-4EA8-BB44-1A5031FF9B06}.Release|Any CPU.ActiveCfg = Release|Any CPU
		{434E0A4A-46C6-4EA8-BB44-1A5031FF9B06}.Release|Any CPU.Build.0 = Release|Any CPU
	EndGlobalSection
	GlobalSection(SolutionProperties) = preSolution
		HideSolutionNode = FALSE
	EndGlobalSection
	GlobalSection(ExtensibilityGlobals) = postSolution
		SolutionGuid = {54F764F3-E1CD-4C57-9CCB-4DD37E765D2B}
	EndGlobalSection
EndGlobal
