
Microsoft Visual Studio Solution File, Format Version 12.00
# Visual Studio Version 16
VisualStudioVersion = 16.0.30804.86
MinimumVisualStudioVersion = 10.0.40219.1
Project("{FAE04EC0-301F-11D3-BF4B-00C04F79EFBC}") = "01.MatchFullName", "01.MatchFullName\01.MatchFullName.csproj", "{9C7CB865-3E3E-41C3-8CFF-A6EDF2D37A17}"
EndProject
Project("{FAE04EC0-301F-11D3-BF4B-00C04F79EFBC}") = "02.MatchPhoneNumber", "02.MatchPhoneNumber\02.MatchPhoneNumber.csproj", "{D616B78C-26B5-4F7E-9E5D-92CE04698361}"
EndProject
Project("{FAE04EC0-301F-11D3-BF4B-00C04F79EFBC}") = "03.MatchDates", "03.MatchDates\03.MatchDates.csproj", "{C6FB1937-675A-4293-A10B-6AE8BA49D201}"
EndProject
Global
	GlobalSection(SolutionConfigurationPlatforms) = preSolution
		Debug|Any CPU = Debug|Any CPU
		Release|Any CPU = Release|Any CPU
	EndGlobalSection
	GlobalSection(ProjectConfigurationPlatforms) = postSolution
		{9C7CB865-3E3E-41C3-8CFF-A6EDF2D37A17}.Debug|Any CPU.ActiveCfg = Debug|Any CPU
		{9C7CB865-3E3E-41C3-8CFF-A6EDF2D37A17}.Debug|Any CPU.Build.0 = Debug|Any CPU
		{9C7CB865-3E3E-41C3-8CFF-A6EDF2D37A17}.Release|Any CPU.ActiveCfg = Release|Any CPU
		{9C7CB865-3E3E-41C3-8CFF-A6EDF2D37A17}.Release|Any CPU.Build.0 = Release|Any CPU
		{D616B78C-26B5-4F7E-9E5D-92CE04698361}.Debug|Any CPU.ActiveCfg = Debug|Any CPU
		{D616B78C-26B5-4F7E-9E5D-92CE04698361}.Debug|Any CPU.Build.0 = Debug|Any CPU
		{D616B78C-26B5-4F7E-9E5D-92CE04698361}.Release|Any CPU.ActiveCfg = Release|Any CPU
		{D616B78C-26B5-4F7E-9E5D-92CE04698361}.Release|Any CPU.Build.0 = Release|Any CPU
		{C6FB1937-675A-4293-A10B-6AE8BA49D201}.Debug|Any CPU.ActiveCfg = Debug|Any CPU
		{C6FB1937-675A-4293-A10B-6AE8BA49D201}.Debug|Any CPU.Build.0 = Debug|Any CPU
		{C6FB1937-675A-4293-A10B-6AE8BA49D201}.Release|Any CPU.ActiveCfg = Release|Any CPU
		{C6FB1937-675A-4293-A10B-6AE8BA49D201}.Release|Any CPU.Build.0 = Release|Any CPU
	EndGlobalSection
	GlobalSection(SolutionProperties) = preSolution
		HideSolutionNode = FALSE
	EndGlobalSection
	GlobalSection(ExtensibilityGlobals) = postSolution
		SolutionGuid = {6DB97C1C-5905-4C00-8FE9-801E634B4083}
	EndGlobalSection
EndGlobal
