
Microsoft Visual Studio Solution File, Format Version 12.00
# Visual Studio Version 16
VisualStudioVersion = 16.0.30717.126
MinimumVisualStudioVersion = 10.0.40219.1
Project("{FAE04EC0-301F-11D3-BF4B-00C04F79EFBC}") = "01.HelloSoftUni", "01.HelloSoftUni\01.HelloSoftUni.csproj", "{FEAD8E88-85A1-4269-B462-21D1C60D26B2}"
EndProject
Project("{FAE04EC0-301F-11D3-BF4B-00C04F79EFBC}") = "02.Nums1-10", "02.Nums1-10\02.Nums1-10.csproj", "{AEB20194-6E37-4407-86F1-DB3A1A879324}"
EndProject
Project("{FAE04EC0-301F-11D3-BF4B-00C04F79EFBC}") = "03.Square Area", "03.Square Area\03.Square Area.csproj", "{9A4811FE-85F6-4676-A2FB-39B9C463B604}"
EndProject
Project("{FAE04EC0-301F-11D3-BF4B-00C04F79EFBC}") = "04.InchesToCentimeters", "04.InchesToCentimeters\04.InchesToCentimeters.csproj", "{3AB9F299-78B2-42F8-91B2-C888A9B3EF97}"
EndProject
Project("{FAE04EC0-301F-11D3-BF4B-00C04F79EFBC}") = "05.GreetingByName", "05.GreetingByName\05.GreetingByName.csproj", "{A410A1FB-8F24-4172-A914-F0988B2AF853}"
EndProject
Project("{FAE04EC0-301F-11D3-BF4B-00C04F79EFBC}") = "06.ConcatenateData", "06.ConcatenateData\06.ConcatenateData.csproj", "{441C1671-4187-437B-933D-BF52A18F9542}"
EndProject
Project("{FAE04EC0-301F-11D3-BF4B-00C04F79EFBC}") = "07.ProjectsCreation", "07.ProjectsCreation\07.ProjectsCreation.csproj", "{94E88F32-DFB0-4866-AB02-1251FD394C81}"
EndProject
Project("{FAE04EC0-301F-11D3-BF4B-00C04F79EFBC}") = "08.PetShop", "08.PetShop\08.PetShop.csproj", "{229AEBF0-6679-42FC-B07B-4BFA599CD0A2}"
EndProject
Project("{FAE04EC0-301F-11D3-BF4B-00C04F79EFBC}") = "09.YardGreening", "09.YardGreening\09.YardGreening.csproj", "{90F01A0A-A30A-49CC-AD23-28CE4B6352E7}"
EndProject
Global
	GlobalSection(SolutionConfigurationPlatforms) = preSolution
		Debug|Any CPU = Debug|Any CPU
		Release|Any CPU = Release|Any CPU
	EndGlobalSection
	GlobalSection(ProjectConfigurationPlatforms) = postSolution
		{FEAD8E88-85A1-4269-B462-21D1C60D26B2}.Debug|Any CPU.ActiveCfg = Debug|Any CPU
		{FEAD8E88-85A1-4269-B462-21D1C60D26B2}.Debug|Any CPU.Build.0 = Debug|Any CPU
		{FEAD8E88-85A1-4269-B462-21D1C60D26B2}.Release|Any CPU.ActiveCfg = Release|Any CPU
		{FEAD8E88-85A1-4269-B462-21D1C60D26B2}.Release|Any CPU.Build.0 = Release|Any CPU
		{AEB20194-6E37-4407-86F1-DB3A1A879324}.Debug|Any CPU.ActiveCfg = Debug|Any CPU
		{AEB20194-6E37-4407-86F1-DB3A1A879324}.Debug|Any CPU.Build.0 = Debug|Any CPU
		{AEB20194-6E37-4407-86F1-DB3A1A879324}.Release|Any CPU.ActiveCfg = Release|Any CPU
		{AEB20194-6E37-4407-86F1-DB3A1A879324}.Release|Any CPU.Build.0 = Release|Any CPU
		{9A4811FE-85F6-4676-A2FB-39B9C463B604}.Debug|Any CPU.ActiveCfg = Debug|Any CPU
		{9A4811FE-85F6-4676-A2FB-39B9C463B604}.Debug|Any CPU.Build.0 = Debug|Any CPU
		{9A4811FE-85F6-4676-A2FB-39B9C463B604}.Release|Any CPU.ActiveCfg = Release|Any CPU
		{9A4811FE-85F6-4676-A2FB-39B9C463B604}.Release|Any CPU.Build.0 = Release|Any CPU
		{3AB9F299-78B2-42F8-91B2-C888A9B3EF97}.Debug|Any CPU.ActiveCfg = Debug|Any CPU
		{3AB9F299-78B2-42F8-91B2-C888A9B3EF97}.Debug|Any CPU.Build.0 = Debug|Any CPU
		{3AB9F299-78B2-42F8-91B2-C888A9B3EF97}.Release|Any CPU.ActiveCfg = Release|Any CPU
		{3AB9F299-78B2-42F8-91B2-C888A9B3EF97}.Release|Any CPU.Build.0 = Release|Any CPU
		{A410A1FB-8F24-4172-A914-F0988B2AF853}.Debug|Any CPU.ActiveCfg = Debug|Any CPU
		{A410A1FB-8F24-4172-A914-F0988B2AF853}.Debug|Any CPU.Build.0 = Debug|Any CPU
		{A410A1FB-8F24-4172-A914-F0988B2AF853}.Release|Any CPU.ActiveCfg = Release|Any CPU
		{A410A1FB-8F24-4172-A914-F0988B2AF853}.Release|Any CPU.Build.0 = Release|Any CPU
		{441C1671-4187-437B-933D-BF52A18F9542}.Debug|Any CPU.ActiveCfg = Debug|Any CPU
		{441C1671-4187-437B-933D-BF52A18F9542}.Debug|Any CPU.Build.0 = Debug|Any CPU
		{441C1671-4187-437B-933D-BF52A18F9542}.Release|Any CPU.ActiveCfg = Release|Any CPU
		{441C1671-4187-437B-933D-BF52A18F9542}.Release|Any CPU.Build.0 = Release|Any CPU
		{94E88F32-DFB0-4866-AB02-1251FD394C81}.Debug|Any CPU.ActiveCfg = Debug|Any CPU
		{94E88F32-DFB0-4866-AB02-1251FD394C81}.Debug|Any CPU.Build.0 = Debug|Any CPU
		{94E88F32-DFB0-4866-AB02-1251FD394C81}.Release|Any CPU.ActiveCfg = Release|Any CPU
		{94E88F32-DFB0-4866-AB02-1251FD394C81}.Release|Any CPU.Build.0 = Release|Any CPU
		{229AEBF0-6679-42FC-B07B-4BFA599CD0A2}.Debug|Any CPU.ActiveCfg = Debug|Any CPU
		{229AEBF0-6679-42FC-B07B-4BFA599CD0A2}.Debug|Any CPU.Build.0 = Debug|Any CPU
		{229AEBF0-6679-42FC-B07B-4BFA599CD0A2}.Release|Any CPU.ActiveCfg = Release|Any CPU
		{229AEBF0-6679-42FC-B07B-4BFA599CD0A2}.Release|Any CPU.Build.0 = Release|Any CPU
		{90F01A0A-A30A-49CC-AD23-28CE4B6352E7}.Debug|Any CPU.ActiveCfg = Debug|Any CPU
		{90F01A0A-A30A-49CC-AD23-28CE4B6352E7}.Debug|Any CPU.Build.0 = Debug|Any CPU
		{90F01A0A-A30A-49CC-AD23-28CE4B6352E7}.Release|Any CPU.ActiveCfg = Release|Any CPU
		{90F01A0A-A30A-49CC-AD23-28CE4B6352E7}.Release|Any CPU.Build.0 = Release|Any CPU
	EndGlobalSection
	GlobalSection(SolutionProperties) = preSolution
		HideSolutionNode = FALSE
	EndGlobalSection
	GlobalSection(ExtensibilityGlobals) = postSolution
		SolutionGuid = {C0181FA2-34B5-429B-ABEF-87B22D8CC573}
	EndGlobalSection
EndGlobal
