
Microsoft Visual Studio Solution File, Format Version 12.00
# Visual Studio Version 16
VisualStudioVersion = 16.0.30717.126
MinimumVisualStudioVersion = 10.0.40219.1
Project("{9A19103F-16F7-4668-BE54-9A1E7A4F7556}") = "01.TrapeziodArea", "01.TrapeziodArea\01.TrapeziodArea.csproj", "{190592CF-BBA9-4E63-8122-CB7C38F7F0DD}"
EndProject
Project("{FAE04EC0-301F-11D3-BF4B-00C04F79EFBC}") = "02.TriangleArea", "02.TriangleArea\02.TriangleArea.csproj", "{26961E9B-D74F-485E-95B6-917CCCB018B3}"
EndProject
Project("{FAE04EC0-301F-11D3-BF4B-00C04F79EFBC}") = "03.CelsiusToFahrenheit", "03.CelsiusToFahrenheit\03.CelsiusToFahrenheit.csproj", "{61FE39E3-91FA-45A3-9870-753F9BE23DAF}"
EndProject
Project("{FAE04EC0-301F-11D3-BF4B-00C04F79EFBC}") = "04. Vegetable Market", "04. Vegetable Market\04. Vegetable Market.csproj", "{D191A1AA-967C-4A88-9AEE-953AFF41322C}"
EndProject
Project("{FAE04EC0-301F-11D3-BF4B-00C04F79EFBC}") = "05.TrainingLab", "05.TrainingLab\05.TrainingLab.csproj", "{377F3876-5D30-4A9A-99E3-7977D6C7D04A}"
EndProject
Project("{FAE04EC0-301F-11D3-BF4B-00C04F79EFBC}") = "06.Fishland", "06.Fishland\06.Fishland.csproj", "{E637E48F-417A-4308-9452-15DEE379FE92}"
EndProject
Project("{FAE04EC0-301F-11D3-BF4B-00C04F79EFBC}") = "07.HousePainting", "07.HousePainting\07.HousePainting.csproj", "{CF60189A-0E98-455A-9A92-DBCF207D8B39}"
EndProject
Project("{FAE04EC0-301F-11D3-BF4B-00C04F79EFBC}") = "08.CircleAreaAndPerimeter", "08.CircleAreaAndPerimeter\08.CircleAreaAndPerimeter.csproj", "{F2CF99A4-C699-4331-99C2-7CCD42C235EA}"
EndProject
Project("{FAE04EC0-301F-11D3-BF4B-00C04F79EFBC}") = "09.WeatherForecast", "09.WeatherForecast\09.WeatherForecast.csproj", "{44EF27A4-296F-4A05-B30D-F939489D349A}"
EndProject
Project("{FAE04EC0-301F-11D3-BF4B-00C04F79EFBC}") = "10.WeatherForecast-Part2", "10.WeatherForecast-Part2\10.WeatherForecast-Part2.csproj", "{08515577-B446-41C3-88BA-CF8722B38285}"
EndProject
Global
	GlobalSection(SolutionConfigurationPlatforms) = preSolution
		Debug|Any CPU = Debug|Any CPU
		Release|Any CPU = Release|Any CPU
	EndGlobalSection
	GlobalSection(ProjectConfigurationPlatforms) = postSolution
		{190592CF-BBA9-4E63-8122-CB7C38F7F0DD}.Debug|Any CPU.ActiveCfg = Debug|Any CPU
		{190592CF-BBA9-4E63-8122-CB7C38F7F0DD}.Debug|Any CPU.Build.0 = Debug|Any CPU
		{190592CF-BBA9-4E63-8122-CB7C38F7F0DD}.Release|Any CPU.ActiveCfg = Release|Any CPU
		{190592CF-BBA9-4E63-8122-CB7C38F7F0DD}.Release|Any CPU.Build.0 = Release|Any CPU
		{26961E9B-D74F-485E-95B6-917CCCB018B3}.Debug|Any CPU.ActiveCfg = Debug|Any CPU
		{26961E9B-D74F-485E-95B6-917CCCB018B3}.Debug|Any CPU.Build.0 = Debug|Any CPU
		{26961E9B-D74F-485E-95B6-917CCCB018B3}.Release|Any CPU.ActiveCfg = Release|Any CPU
		{26961E9B-D74F-485E-95B6-917CCCB018B3}.Release|Any CPU.Build.0 = Release|Any CPU
		{61FE39E3-91FA-45A3-9870-753F9BE23DAF}.Debug|Any CPU.ActiveCfg = Debug|Any CPU
		{61FE39E3-91FA-45A3-9870-753F9BE23DAF}.Debug|Any CPU.Build.0 = Debug|Any CPU
		{61FE39E3-91FA-45A3-9870-753F9BE23DAF}.Release|Any CPU.ActiveCfg = Release|Any CPU
		{61FE39E3-91FA-45A3-9870-753F9BE23DAF}.Release|Any CPU.Build.0 = Release|Any CPU
		{D191A1AA-967C-4A88-9AEE-953AFF41322C}.Debug|Any CPU.ActiveCfg = Debug|Any CPU
		{D191A1AA-967C-4A88-9AEE-953AFF41322C}.Debug|Any CPU.Build.0 = Debug|Any CPU
		{D191A1AA-967C-4A88-9AEE-953AFF41322C}.Release|Any CPU.ActiveCfg = Release|Any CPU
		{D191A1AA-967C-4A88-9AEE-953AFF41322C}.Release|Any CPU.Build.0 = Release|Any CPU
		{377F3876-5D30-4A9A-99E3-7977D6C7D04A}.Debug|Any CPU.ActiveCfg = Debug|Any CPU
		{377F3876-5D30-4A9A-99E3-7977D6C7D04A}.Debug|Any CPU.Build.0 = Debug|Any CPU
		{377F3876-5D30-4A9A-99E3-7977D6C7D04A}.Release|Any CPU.ActiveCfg = Release|Any CPU
		{377F3876-5D30-4A9A-99E3-7977D6C7D04A}.Release|Any CPU.Build.0 = Release|Any CPU
		{E637E48F-417A-4308-9452-15DEE379FE92}.Debug|Any CPU.ActiveCfg = Debug|Any CPU
		{E637E48F-417A-4308-9452-15DEE379FE92}.Debug|Any CPU.Build.0 = Debug|Any CPU
		{E637E48F-417A-4308-9452-15DEE379FE92}.Release|Any CPU.ActiveCfg = Release|Any CPU
		{E637E48F-417A-4308-9452-15DEE379FE92}.Release|Any CPU.Build.0 = Release|Any CPU
		{CF60189A-0E98-455A-9A92-DBCF207D8B39}.Debug|Any CPU.ActiveCfg = Debug|Any CPU
		{CF60189A-0E98-455A-9A92-DBCF207D8B39}.Debug|Any CPU.Build.0 = Debug|Any CPU
		{CF60189A-0E98-455A-9A92-DBCF207D8B39}.Release|Any CPU.ActiveCfg = Release|Any CPU
		{CF60189A-0E98-455A-9A92-DBCF207D8B39}.Release|Any CPU.Build.0 = Release|Any CPU
		{F2CF99A4-C699-4331-99C2-7CCD42C235EA}.Debug|Any CPU.ActiveCfg = Debug|Any CPU
		{F2CF99A4-C699-4331-99C2-7CCD42C235EA}.Debug|Any CPU.Build.0 = Debug|Any CPU
		{F2CF99A4-C699-4331-99C2-7CCD42C235EA}.Release|Any CPU.ActiveCfg = Release|Any CPU
		{F2CF99A4-C699-4331-99C2-7CCD42C235EA}.Release|Any CPU.Build.0 = Release|Any CPU
		{44EF27A4-296F-4A05-B30D-F939489D349A}.Debug|Any CPU.ActiveCfg = Debug|Any CPU
		{44EF27A4-296F-4A05-B30D-F939489D349A}.Debug|Any CPU.Build.0 = Debug|Any CPU
		{44EF27A4-296F-4A05-B30D-F939489D349A}.Release|Any CPU.ActiveCfg = Release|Any CPU
		{44EF27A4-296F-4A05-B30D-F939489D349A}.Release|Any CPU.Build.0 = Release|Any CPU
		{08515577-B446-41C3-88BA-CF8722B38285}.Debug|Any CPU.ActiveCfg = Debug|Any CPU
		{08515577-B446-41C3-88BA-CF8722B38285}.Debug|Any CPU.Build.0 = Debug|Any CPU
		{08515577-B446-41C3-88BA-CF8722B38285}.Release|Any CPU.ActiveCfg = Release|Any CPU
		{08515577-B446-41C3-88BA-CF8722B38285}.Release|Any CPU.Build.0 = Release|Any CPU
	EndGlobalSection
	GlobalSection(SolutionProperties) = preSolution
		HideSolutionNode = FALSE
	EndGlobalSection
	GlobalSection(ExtensibilityGlobals) = postSolution
		SolutionGuid = {77C47101-CDAB-4C05-914B-60D131AD8095}
	EndGlobalSection
EndGlobal
