
Microsoft Visual Studio Solution File, Format Version 12.00
# Visual Studio Version 16
VisualStudioVersion = 16.0.30717.126
MinimumVisualStudioVersion = 10.0.40219.1
Project("{FAE04EC0-301F-11D3-BF4B-00C04F79EFBC}") = "01.SumSeconds", "01.SumSeconds\01.SumSeconds.csproj", "{19D2436D-23B8-4459-8A75-E6E57469C0DA}"
EndProject
Project("{FAE04EC0-301F-11D3-BF4B-00C04F79EFBC}") = "02.BonusScore", "02.BonusScore\02.BonusScore.csproj", "{DCEFAF5B-E2A4-494A-8C99-626A2EE17A3F}"
EndProject
Project("{FAE04EC0-301F-11D3-BF4B-00C04F79EFBC}") = "03.SpeedInfo", "03.SpeedInfo\03.SpeedInfo.csproj", "{BCC5CD4B-0694-4A0A-9A0F-9159F04B10B0}"
EndProject
Project("{FAE04EC0-301F-11D3-BF4B-00C04F79EFBC}") = "04.MetricConverter", "04.MetricConverter\04.MetricConverter.csproj", "{969696FC-4101-480C-BD57-545A1A7163B5}"
EndProject
Global
	GlobalSection(SolutionConfigurationPlatforms) = preSolution
		Debug|Any CPU = Debug|Any CPU
		Release|Any CPU = Release|Any CPU
	EndGlobalSection
	GlobalSection(ProjectConfigurationPlatforms) = postSolution
		{19D2436D-23B8-4459-8A75-E6E57469C0DA}.Debug|Any CPU.ActiveCfg = Debug|Any CPU
		{19D2436D-23B8-4459-8A75-E6E57469C0DA}.Debug|Any CPU.Build.0 = Debug|Any CPU
		{19D2436D-23B8-4459-8A75-E6E57469C0DA}.Release|Any CPU.ActiveCfg = Release|Any CPU
		{19D2436D-23B8-4459-8A75-E6E57469C0DA}.Release|Any CPU.Build.0 = Release|Any CPU
		{DCEFAF5B-E2A4-494A-8C99-626A2EE17A3F}.Debug|Any CPU.ActiveCfg = Debug|Any CPU
		{DCEFAF5B-E2A4-494A-8C99-626A2EE17A3F}.Debug|Any CPU.Build.0 = Debug|Any CPU
		{DCEFAF5B-E2A4-494A-8C99-626A2EE17A3F}.Release|Any CPU.ActiveCfg = Release|Any CPU
		{DCEFAF5B-E2A4-494A-8C99-626A2EE17A3F}.Release|Any CPU.Build.0 = Release|Any CPU
		{BCC5CD4B-0694-4A0A-9A0F-9159F04B10B0}.Debug|Any CPU.ActiveCfg = Debug|Any CPU
		{BCC5CD4B-0694-4A0A-9A0F-9159F04B10B0}.Debug|Any CPU.Build.0 = Debug|Any CPU
		{BCC5CD4B-0694-4A0A-9A0F-9159F04B10B0}.Release|Any CPU.ActiveCfg = Release|Any CPU
		{BCC5CD4B-0694-4A0A-9A0F-9159F04B10B0}.Release|Any CPU.Build.0 = Release|Any CPU
		{969696FC-4101-480C-BD57-545A1A7163B5}.Debug|Any CPU.ActiveCfg = Debug|Any CPU
		{969696FC-4101-480C-BD57-545A1A7163B5}.Debug|Any CPU.Build.0 = Debug|Any CPU
		{969696FC-4101-480C-BD57-545A1A7163B5}.Release|Any CPU.ActiveCfg = Release|Any CPU
		{969696FC-4101-480C-BD57-545A1A7163B5}.Release|Any CPU.Build.0 = Release|Any CPU
	EndGlobalSection
	GlobalSection(SolutionProperties) = preSolution
		HideSolutionNode = FALSE
	EndGlobalSection
	GlobalSection(ExtensibilityGlobals) = postSolution
		SolutionGuid = {9FF00028-E11C-43D5-BFAF-6E201EF67868}
	EndGlobalSection
EndGlobal
