
Microsoft Visual Studio Solution File, Format Version 12.00
# Visual Studio Version 16
VisualStudioVersion = 16.0.30804.86
MinimumVisualStudioVersion = 10.0.40219.1
Project("{FAE04EC0-301F-11D3-BF4B-00C04F79EFBC}") = "01.Clock", "01.Clock\01.Clock.csproj", "{DD95A07E-007A-401D-A3C8-B0F8A86D3ADD}"
EndProject
Project("{FAE04EC0-301F-11D3-BF4B-00C04F79EFBC}") = "02.MultiplicationTable", "02.MultiplicationTable\02.MultiplicationTable.csproj", "{F50B1051-4723-47C7-9F39-517A8CA682BD}"
EndProject
Project("{FAE04EC0-301F-11D3-BF4B-00C04F79EFBC}") = "03.Combinations", "03.Combinations\03.Combinations.csproj", "{FAD860C2-EF88-486E-B893-5DFBC23FA775}"
EndProject
Project("{FAE04EC0-301F-11D3-BF4B-00C04F79EFBC}") = "04.SumOfTwoNumbers", "04.SumOfTwoNumbers\04.SumOfTwoNumbers.csproj", "{A4C843B6-A2DC-49DB-B7ED-D8ABF0C8E6AD}"
EndProject
Project("{FAE04EC0-301F-11D3-BF4B-00C04F79EFBC}") = "05.Travelling", "05.Travelling\05.Travelling.csproj", "{D141CEF1-5197-4352-9501-2919C7B21608}"
EndProject
Project("{FAE04EC0-301F-11D3-BF4B-00C04F79EFBC}") = "06.Building", "06.Building\06.Building.csproj", "{32F7C806-5567-474D-A3CB-04A772CD9C21}"
EndProject
Project("{FAE04EC0-301F-11D3-BF4B-00C04F79EFBC}") = "07.CinemaTickets", "07.CinemaTickets\07.CinemaTickets.csproj", "{34BA63C4-1554-437A-9D06-289303483FD0}"
EndProject
Global
	GlobalSection(SolutionConfigurationPlatforms) = preSolution
		Debug|Any CPU = Debug|Any CPU
		Release|Any CPU = Release|Any CPU
	EndGlobalSection
	GlobalSection(ProjectConfigurationPlatforms) = postSolution
		{DD95A07E-007A-401D-A3C8-B0F8A86D3ADD}.Debug|Any CPU.ActiveCfg = Debug|Any CPU
		{DD95A07E-007A-401D-A3C8-B0F8A86D3ADD}.Debug|Any CPU.Build.0 = Debug|Any CPU
		{DD95A07E-007A-401D-A3C8-B0F8A86D3ADD}.Release|Any CPU.ActiveCfg = Release|Any CPU
		{DD95A07E-007A-401D-A3C8-B0F8A86D3ADD}.Release|Any CPU.Build.0 = Release|Any CPU
		{F50B1051-4723-47C7-9F39-517A8CA682BD}.Debug|Any CPU.ActiveCfg = Debug|Any CPU
		{F50B1051-4723-47C7-9F39-517A8CA682BD}.Debug|Any CPU.Build.0 = Debug|Any CPU
		{F50B1051-4723-47C7-9F39-517A8CA682BD}.Release|Any CPU.ActiveCfg = Release|Any CPU
		{F50B1051-4723-47C7-9F39-517A8CA682BD}.Release|Any CPU.Build.0 = Release|Any CPU
		{FAD860C2-EF88-486E-B893-5DFBC23FA775}.Debug|Any CPU.ActiveCfg = Debug|Any CPU
		{FAD860C2-EF88-486E-B893-5DFBC23FA775}.Debug|Any CPU.Build.0 = Debug|Any CPU
		{FAD860C2-EF88-486E-B893-5DFBC23FA775}.Release|Any CPU.ActiveCfg = Release|Any CPU
		{FAD860C2-EF88-486E-B893-5DFBC23FA775}.Release|Any CPU.Build.0 = Release|Any CPU
		{A4C843B6-A2DC-49DB-B7ED-D8ABF0C8E6AD}.Debug|Any CPU.ActiveCfg = Debug|Any CPU
		{A4C843B6-A2DC-49DB-B7ED-D8ABF0C8E6AD}.Debug|Any CPU.Build.0 = Debug|Any CPU
		{A4C843B6-A2DC-49DB-B7ED-D8ABF0C8E6AD}.Release|Any CPU.ActiveCfg = Release|Any CPU
		{A4C843B6-A2DC-49DB-B7ED-D8ABF0C8E6AD}.Release|Any CPU.Build.0 = Release|Any CPU
		{D141CEF1-5197-4352-9501-2919C7B21608}.Debug|Any CPU.ActiveCfg = Debug|Any CPU
		{D141CEF1-5197-4352-9501-2919C7B21608}.Debug|Any CPU.Build.0 = Debug|Any CPU
		{D141CEF1-5197-4352-9501-2919C7B21608}.Release|Any CPU.ActiveCfg = Release|Any CPU
		{D141CEF1-5197-4352-9501-2919C7B21608}.Release|Any CPU.Build.0 = Release|Any CPU
		{32F7C806-5567-474D-A3CB-04A772CD9C21}.Debug|Any CPU.ActiveCfg = Debug|Any CPU
		{32F7C806-5567-474D-A3CB-04A772CD9C21}.Debug|Any CPU.Build.0 = Debug|Any CPU
		{32F7C806-5567-474D-A3CB-04A772CD9C21}.Release|Any CPU.ActiveCfg = Release|Any CPU
		{32F7C806-5567-474D-A3CB-04A772CD9C21}.Release|Any CPU.Build.0 = Release|Any CPU
		{34BA63C4-1554-437A-9D06-289303483FD0}.Debug|Any CPU.ActiveCfg = Debug|Any CPU
		{34BA63C4-1554-437A-9D06-289303483FD0}.Debug|Any CPU.Build.0 = Debug|Any CPU
		{34BA63C4-1554-437A-9D06-289303483FD0}.Release|Any CPU.ActiveCfg = Release|Any CPU
		{34BA63C4-1554-437A-9D06-289303483FD0}.Release|Any CPU.Build.0 = Release|Any CPU
	EndGlobalSection
	GlobalSection(SolutionProperties) = preSolution
		HideSolutionNode = FALSE
	EndGlobalSection
	GlobalSection(ExtensibilityGlobals) = postSolution
		SolutionGuid = {1C357BF6-2D88-4659-B2DA-48B95B876871}
	EndGlobalSection
EndGlobal
