
Microsoft Visual Studio Solution File, Format Version 12.00
# Visual Studio Version 16
VisualStudioVersion = 16.0.30907.101
MinimumVisualStudioVersion = 10.0.40219.1
Project("{FAE04EC0-301F-11D3-BF4B-00C04F79EFBC}") = "01.Library", "01.Library\01.Library.csproj", "{20E46E91-F865-485C-85C8-DDB54E7969FA}"
EndProject
Project("{FAE04EC0-301F-11D3-BF4B-00C04F79EFBC}") = "02.LibraryIterator", "02.LibraryIterator\02.LibraryIterator.csproj", "{4F0157F5-67F0-4B76-B855-5BA7D1042EEB}"
EndProject
Project("{FAE04EC0-301F-11D3-BF4B-00C04F79EFBC}") = "03.ComparableBook", "03.ComparableBook\03.ComparableBook.csproj", "{17D716A1-9306-401C-B83D-7D31AC3EC19E}"
EndProject
Project("{FAE04EC0-301F-11D3-BF4B-00C04F79EFBC}") = "04.BookComparer", "04.BookComparer\04.BookComparer.csproj", "{3AD61673-911E-4F24-AA49-A26E99763D19}"
EndProject
Global
	GlobalSection(SolutionConfigurationPlatforms) = preSolution
		Debug|Any CPU = Debug|Any CPU
		Release|Any CPU = Release|Any CPU
	EndGlobalSection
	GlobalSection(ProjectConfigurationPlatforms) = postSolution
		{20E46E91-F865-485C-85C8-DDB54E7969FA}.Debug|Any CPU.ActiveCfg = Debug|Any CPU
		{20E46E91-F865-485C-85C8-DDB54E7969FA}.Debug|Any CPU.Build.0 = Debug|Any CPU
		{20E46E91-F865-485C-85C8-DDB54E7969FA}.Release|Any CPU.ActiveCfg = Release|Any CPU
		{20E46E91-F865-485C-85C8-DDB54E7969FA}.Release|Any CPU.Build.0 = Release|Any CPU
		{4F0157F5-67F0-4B76-B855-5BA7D1042EEB}.Debug|Any CPU.ActiveCfg = Debug|Any CPU
		{4F0157F5-67F0-4B76-B855-5BA7D1042EEB}.Debug|Any CPU.Build.0 = Debug|Any CPU
		{4F0157F5-67F0-4B76-B855-5BA7D1042EEB}.Release|Any CPU.ActiveCfg = Release|Any CPU
		{4F0157F5-67F0-4B76-B855-5BA7D1042EEB}.Release|Any CPU.Build.0 = Release|Any CPU
		{17D716A1-9306-401C-B83D-7D31AC3EC19E}.Debug|Any CPU.ActiveCfg = Debug|Any CPU
		{17D716A1-9306-401C-B83D-7D31AC3EC19E}.Debug|Any CPU.Build.0 = Debug|Any CPU
		{17D716A1-9306-401C-B83D-7D31AC3EC19E}.Release|Any CPU.ActiveCfg = Release|Any CPU
		{17D716A1-9306-401C-B83D-7D31AC3EC19E}.Release|Any CPU.Build.0 = Release|Any CPU
		{3AD61673-911E-4F24-AA49-A26E99763D19}.Debug|Any CPU.ActiveCfg = Debug|Any CPU
		{3AD61673-911E-4F24-AA49-A26E99763D19}.Debug|Any CPU.Build.0 = Debug|Any CPU
		{3AD61673-911E-4F24-AA49-A26E99763D19}.Release|Any CPU.ActiveCfg = Release|Any CPU
		{3AD61673-911E-4F24-AA49-A26E99763D19}.Release|Any CPU.Build.0 = Release|Any CPU
	EndGlobalSection
	GlobalSection(SolutionProperties) = preSolution
		HideSolutionNode = FALSE
	EndGlobalSection
	GlobalSection(ExtensibilityGlobals) = postSolution
		SolutionGuid = {0CE5C0C6-B2F7-4480-8012-B4F51584DC42}
	EndGlobalSection
EndGlobal
