
Microsoft Visual Studio Solution File, Format Version 12.00
# Visual Studio Version 16
VisualStudioVersion = 16.0.30804.86
MinimumVisualStudioVersion = 10.0.40219.1
Project("{9A19103F-16F7-4668-BE54-9A1E7A4F7556}") = "BoxOfT", "BoxOfT\BoxOfT.csproj", "{B7513132-E7CC-4576-AC03-19369EA6FA52}"
EndProject
Project("{9A19103F-16F7-4668-BE54-9A1E7A4F7556}") = "GenericArrayCreator", "GenericArrayCreator\GenericArrayCreator.csproj", "{B0631790-DE9A-4579-BFD2-991733DE635B}"
EndProject
Project("{FAE04EC0-301F-11D3-BF4B-00C04F79EFBC}") = "GenericScale", "GenericScale\GenericScale.csproj", "{2EDCC2F5-EEC7-4F52-9BFF-EB14EF1FD7CD}"
EndProject
Global
	GlobalSection(SolutionConfigurationPlatforms) = preSolution
		Debug|Any CPU = Debug|Any CPU
		Release|Any CPU = Release|Any CPU
	EndGlobalSection
	GlobalSection(ProjectConfigurationPlatforms) = postSolution
		{B7513132-E7CC-4576-AC03-19369EA6FA52}.Debug|Any CPU.ActiveCfg = Debug|Any CPU
		{B7513132-E7CC-4576-AC03-19369EA6FA52}.Debug|Any CPU.Build.0 = Debug|Any CPU
		{B7513132-E7CC-4576-AC03-19369EA6FA52}.Release|Any CPU.ActiveCfg = Release|Any CPU
		{B7513132-E7CC-4576-AC03-19369EA6FA52}.Release|Any CPU.Build.0 = Release|Any CPU
		{B0631790-DE9A-4579-BFD2-991733DE635B}.Debug|Any CPU.ActiveCfg = Debug|Any CPU
		{B0631790-DE9A-4579-BFD2-991733DE635B}.Debug|Any CPU.Build.0 = Debug|Any CPU
		{B0631790-DE9A-4579-BFD2-991733DE635B}.Release|Any CPU.ActiveCfg = Release|Any CPU
		{B0631790-DE9A-4579-BFD2-991733DE635B}.Release|Any CPU.Build.0 = Release|Any CPU
		{2EDCC2F5-EEC7-4F52-9BFF-EB14EF1FD7CD}.Debug|Any CPU.ActiveCfg = Debug|Any CPU
		{2EDCC2F5-EEC7-4F52-9BFF-EB14EF1FD7CD}.Debug|Any CPU.Build.0 = Debug|Any CPU
		{2EDCC2F5-EEC7-4F52-9BFF-EB14EF1FD7CD}.Release|Any CPU.ActiveCfg = Release|Any CPU
		{2EDCC2F5-EEC7-4F52-9BFF-EB14EF1FD7CD}.Release|Any CPU.Build.0 = Release|Any CPU
	EndGlobalSection
	GlobalSection(SolutionProperties) = preSolution
		HideSolutionNode = FALSE
	EndGlobalSection
	GlobalSection(ExtensibilityGlobals) = postSolution
		SolutionGuid = {448C4FB2-21F7-49C5-8CBC-6269F02603E5}
	EndGlobalSection
EndGlobal
