
Microsoft Visual Studio Solution File, Format Version 12.00
# Visual Studio Version 16
VisualStudioVersion = 16.0.30804.86
MinimumVisualStudioVersion = 10.0.40219.1
Project("{FAE04EC0-301F-11D3-BF4B-00C04F79EFBC}") = "01.NumberPyramid", "01.NumberPyramid\01.NumberPyramid.csproj", "{40BE95AD-20A7-4E23-B562-FC58141DE0F8}"
EndProject
Project("{FAE04EC0-301F-11D3-BF4B-00C04F79EFBC}") = "02.EqualSumsEvenOddPosition", "02.EqualSumsEvenOddPosition\02.EqualSumsEvenOddPosition.csproj", "{E85290DC-5BDE-4286-959A-D4809D5AA764}"
EndProject
Project("{FAE04EC0-301F-11D3-BF4B-00C04F79EFBC}") = "03.SumPrimeNonPrime", "03.SumPrimeNonPrime\03.SumPrimeNonPrime.csproj", "{046DD447-0B43-460D-A9D4-B1E16590922A}"
EndProject
Project("{FAE04EC0-301F-11D3-BF4B-00C04F79EFBC}") = "04.TrainTheTrainers", "04.TrainTheTrainers\04.TrainTheTrainers.csproj", "{0FF6184C-5963-4404-9737-FBFB78648D11}"
EndProject
Project("{FAE04EC0-301F-11D3-BF4B-00C04F79EFBC}") = "05.PasswordGenerator", "05.PasswordGenerator\05.PasswordGenerator.csproj", "{92B0E94B-6911-4D88-B917-348EA4330ACF}"
EndProject
Project("{FAE04EC0-301F-11D3-BF4B-00C04F79EFBC}") = "06.SpecialNumbers", "06.SpecialNumbers\06.SpecialNumbers.csproj", "{40AE9B45-966F-4F13-B0D0-5339FD3CD452}"
EndProject
Global
	GlobalSection(SolutionConfigurationPlatforms) = preSolution
		Debug|Any CPU = Debug|Any CPU
		Release|Any CPU = Release|Any CPU
	EndGlobalSection
	GlobalSection(ProjectConfigurationPlatforms) = postSolution
		{40BE95AD-20A7-4E23-B562-FC58141DE0F8}.Debug|Any CPU.ActiveCfg = Debug|Any CPU
		{40BE95AD-20A7-4E23-B562-FC58141DE0F8}.Debug|Any CPU.Build.0 = Debug|Any CPU
		{40BE95AD-20A7-4E23-B562-FC58141DE0F8}.Release|Any CPU.ActiveCfg = Release|Any CPU
		{40BE95AD-20A7-4E23-B562-FC58141DE0F8}.Release|Any CPU.Build.0 = Release|Any CPU
		{E85290DC-5BDE-4286-959A-D4809D5AA764}.Debug|Any CPU.ActiveCfg = Debug|Any CPU
		{E85290DC-5BDE-4286-959A-D4809D5AA764}.Debug|Any CPU.Build.0 = Debug|Any CPU
		{E85290DC-5BDE-4286-959A-D4809D5AA764}.Release|Any CPU.ActiveCfg = Release|Any CPU
		{E85290DC-5BDE-4286-959A-D4809D5AA764}.Release|Any CPU.Build.0 = Release|Any CPU
		{046DD447-0B43-460D-A9D4-B1E16590922A}.Debug|Any CPU.ActiveCfg = Debug|Any CPU
		{046DD447-0B43-460D-A9D4-B1E16590922A}.Debug|Any CPU.Build.0 = Debug|Any CPU
		{046DD447-0B43-460D-A9D4-B1E16590922A}.Release|Any CPU.ActiveCfg = Release|Any CPU
		{046DD447-0B43-460D-A9D4-B1E16590922A}.Release|Any CPU.Build.0 = Release|Any CPU
		{0FF6184C-5963-4404-9737-FBFB78648D11}.Debug|Any CPU.ActiveCfg = Debug|Any CPU
		{0FF6184C-5963-4404-9737-FBFB78648D11}.Debug|Any CPU.Build.0 = Debug|Any CPU
		{0FF6184C-5963-4404-9737-FBFB78648D11}.Release|Any CPU.ActiveCfg = Release|Any CPU
		{0FF6184C-5963-4404-9737-FBFB78648D11}.Release|Any CPU.Build.0 = Release|Any CPU
		{92B0E94B-6911-4D88-B917-348EA4330ACF}.Debug|Any CPU.ActiveCfg = Debug|Any CPU
		{92B0E94B-6911-4D88-B917-348EA4330ACF}.Debug|Any CPU.Build.0 = Debug|Any CPU
		{92B0E94B-6911-4D88-B917-348EA4330ACF}.Release|Any CPU.ActiveCfg = Release|Any CPU
		{92B0E94B-6911-4D88-B917-348EA4330ACF}.Release|Any CPU.Build.0 = Release|Any CPU
		{40AE9B45-966F-4F13-B0D0-5339FD3CD452}.Debug|Any CPU.ActiveCfg = Debug|Any CPU
		{40AE9B45-966F-4F13-B0D0-5339FD3CD452}.Debug|Any CPU.Build.0 = Debug|Any CPU
		{40AE9B45-966F-4F13-B0D0-5339FD3CD452}.Release|Any CPU.ActiveCfg = Release|Any CPU
		{40AE9B45-966F-4F13-B0D0-5339FD3CD452}.Release|Any CPU.Build.0 = Release|Any CPU
	EndGlobalSection
	GlobalSection(SolutionProperties) = preSolution
		HideSolutionNode = FALSE
	EndGlobalSection
	GlobalSection(ExtensibilityGlobals) = postSolution
		SolutionGuid = {E7A79816-BE34-4E44-A57B-8B64D3E476B0}
	EndGlobalSection
EndGlobal
